// !$*UTF8*$!
{
	archiveVersion = 1;
	classes = {
	};
	objectVersion = 77;
	objects = {

/* Begin PBXBuildFile section */
		0C21BDF2EBF4F6D4B8D3B198 /* TxWorkshopEngine in Frameworks */ = {isa = PBXBuildFile; productRef = DEFC3E863F7F94B8028847BF /* TxWorkshopEngine */; };
		0E2E3099EBDC5F7BAF4A4587 /* Sparkle in Frameworks */ = {isa = PBXBuildFile; productRef = 3B46B1A5C2CF8A9770FB3D81 /* Sparkle */; };
		19DE7E2B2437C777300C97F2 /* TxWorkshopUI in Frameworks */ = {isa = PBXBuildFile; productRef = 283784CCCCCC5FF527B82D0D /* TxWorkshopUI */; };
		2DAF3DFE25281AB5786AC371 /* TxWorkshopDirect in Frameworks */ = {isa = PBXBuildFile; productRef = 9099A1D0D21229074F7C96FA /* TxWorkshopDirect */; };
		2FCC91EF70D1846F2BF86782 /* Assets.xcassets in Resources */ = {isa = PBXBuildFile; fileRef = 4414433F2496F95D78F89A1A /* Assets.xcassets */; };
		39758F20BF0E32129F97EDFE /* TxWorkshopCore in Frameworks */ = {isa = PBXBuildFile; productRef = CD904B83B2A02B6FE980AE1C /* TxWorkshopCore */; };
		591FE6D868FAB3AB1675D689 /* RecipeCheckUITests.swift in Sources */ = {isa = PBXBuildFile; fileRef = B97397E3A3C20473892753AA /* RecipeCheckUITests.swift */; };
		6D45A4F845C533A2453E8F20 /* SyncToggleTests.swift in Sources */ = {isa = PBXBuildFile; fileRef = 1FE96276D00FFDE563F66128 /* SyncToggleTests.swift */; };
		7004F93AFE5B453DC40636C8 /* TxWorkshopApp.swift in Sources */ = {isa = PBXBuildFile; fileRef = 58CBD644C3874DF4D543AB48 /* TxWorkshopApp.swift */; };
		8310BC6B3A5779E69A232465 /* Assets.xcassets in Resources */ = {isa = PBXBuildFile; fileRef = 4414433F2496F95D78F89A1A /* Assets.xcassets */; };
		87FBD6E79961157F489D63CC /* PoolRegistrationUITests.swift in Sources */ = {isa = PBXBuildFile; fileRef = 695A2FD0F0C4CEFCBE133CD1 /* PoolRegistrationUITests.swift */; };
		8B3753FD3446176DC87E2557 /* AppIcon.icon in Resources */ = {isa = PBXBuildFile; fileRef = 428DB9D73BFD8650FB3D64C6 /* AppIcon.icon */; };
		8E8401ED65EBA7823BCDCF6C /* SnapshotHelper.swift in Sources */ = {isa = PBXBuildFile; fileRef = 9C39DAD474EE501C8AAD1293 /* SnapshotHelper.swift */; };
		93A573016D1A8985F91FA5F2 /* BlueprintFormUITests.swift in Sources */ = {isa = PBXBuildFile; fileRef = AB002685FE71910D90F7B7E7 /* BlueprintFormUITests.swift */; };
		9580299F22A7B46BEC85E499 /* UTxOChoiceUITests.swift in Sources */ = {isa = PBXBuildFile; fileRef = E694452C348535F28147F1B3 /* UTxOChoiceUITests.swift */; };
		A29CDD40B4D183F73F9A2CAD /* ScreenshotTests.swift in Sources */ = {isa = PBXBuildFile; fileRef = 45BC18706F102075B50A01C3 /* ScreenshotTests.swift */; };
		A827A9DB54F03E350E8542FD /* TxWorkshopCore in Frameworks */ = {isa = PBXBuildFile; productRef = A9CF102464994FDC19B49526 /* TxWorkshopCore */; };
		B6B5BA02EE90C93C2FB5D129 /* TxWorkshopDirectApp.swift in Sources */ = {isa = PBXBuildFile; fileRef = 36EFEB6F9E8529B48402BA71 /* TxWorkshopDirectApp.swift */; };
		C45949F35721CA12E7AF5074 /* ScriptDebuggerUITests.swift in Sources */ = {isa = PBXBuildFile; fileRef = 194ED1CC9605D99916F44F59 /* ScriptDebuggerUITests.swift */; };
		C76B1579D5DCC250A5ABF3C6 /* ExportReplaceUITests.swift in Sources */ = {isa = PBXBuildFile; fileRef = C066D8232287C1C315DAAF3C /* ExportReplaceUITests.swift */; };
		CFCBE31156379A930AFD7359 /* AppIcon.icon in Resources */ = {isa = PBXBuildFile; fileRef = 428DB9D73BFD8650FB3D64C6 /* AppIcon.icon */; };
		DA038764F05E376CC59AA2BE /* TxWorkshopUI in Frameworks */ = {isa = PBXBuildFile; productRef = 7F4C2104AF1CDC0C07DB644A /* TxWorkshopUI */; };
		E4E63B86C115FA0B8EB7F5B0 /* TxWorkshopEngine in Frameworks */ = {isa = PBXBuildFile; productRef = 24A2FA7CD389DAAB9865A3D0 /* TxWorkshopEngine */; };
		FEA473226CC822BCB42B4849 /* AppIconVision.xcassets in Resources */ = {isa = PBXBuildFile; fileRef = BF740F9F6123AA1264F57700 /* AppIconVision.xcassets */; };
/* End PBXBuildFile section */

/* Begin PBXContainerItemProxy section */
		7D8CE77D07F96B9DFEB4FAED /* PBXContainerItemProxy */ = {
			isa = PBXContainerItemProxy;
			containerPortal = FCDDB31D646F591965DBBE00 /* Project object */;
			proxyType = 1;
			remoteGlobalIDString = E7FD08AAD82FAA6D2C8EB31C;
			remoteInfo = TxWorkshop;
		};
/* End PBXContainerItemProxy section */

/* Begin PBXFileReference section */
		194ED1CC9605D99916F44F59 /* ScriptDebuggerUITests.swift */ = {isa = PBXFileReference; lastKnownFileType = sourcecode.swift; path = ScriptDebuggerUITests.swift; sourceTree = "<group>"; };
		1FE96276D00FFDE563F66128 /* SyncToggleTests.swift */ = {isa = PBXFileReference; lastKnownFileType = sourcecode.swift; path = SyncToggleTests.swift; sourceTree = "<group>"; };
		36EFEB6F9E8529B48402BA71 /* TxWorkshopDirectApp.swift */ = {isa = PBXFileReference; lastKnownFileType = sourcecode.swift; path = TxWorkshopDirectApp.swift; sourceTree = "<group>"; };
		428DB9D73BFD8650FB3D64C6 /* AppIcon.icon */ = {isa = PBXFileReference; lastKnownFileType = wrapper.icon; path = AppIcon.icon; sourceTree = "<group>"; };
		4414433F2496F95D78F89A1A /* Assets.xcassets */ = {isa = PBXFileReference; lastKnownFileType = folder.assetcatalog; path = Assets.xcassets; sourceTree = "<group>"; };
		45BC18706F102075B50A01C3 /* ScreenshotTests.swift */ = {isa = PBXFileReference; lastKnownFileType = sourcecode.swift; path = ScreenshotTests.swift; sourceTree = "<group>"; };
		58CBD644C3874DF4D543AB48 /* TxWorkshopApp.swift */ = {isa = PBXFileReference; lastKnownFileType = sourcecode.swift; path = TxWorkshopApp.swift; sourceTree = "<group>"; };
		5901409EE1D9EE868F5A0386 /* Info.plist */ = {isa = PBXFileReference; lastKnownFileType = text.plist; path = Info.plist; sourceTree = "<group>"; };
		5983D696834F60B64C547C74 /* Cardano TxWorkshop.app */ = {isa = PBXFileReference; includeInIndex = 0; lastKnownFileType = wrapper.application; path = "Cardano TxWorkshop.app"; sourceTree = BUILT_PRODUCTS_DIR; };
		64E2830C8E9FFF755E286D1B /* TxWorkshopScreenshots.xctest */ = {isa = PBXFileReference; includeInIndex = 0; lastKnownFileType = wrapper.cfbundle; path = TxWorkshopScreenshots.xctest; sourceTree = BUILT_PRODUCTS_DIR; };
		695A2FD0F0C4CEFCBE133CD1 /* PoolRegistrationUITests.swift */ = {isa = PBXFileReference; lastKnownFileType = sourcecode.swift; path = PoolRegistrationUITests.swift; sourceTree = "<group>"; };
		97C7717046104B6311FC201C /* Info.plist */ = {isa = PBXFileReference; lastKnownFileType = text.plist; path = Info.plist; sourceTree = "<group>"; };
		97CB982DCFE36F65D6ABEAE7 /* TxWorkshop.entitlements */ = {isa = PBXFileReference; lastKnownFileType = text.plist.entitlements; path = TxWorkshop.entitlements; sourceTree = "<group>"; };
		9C39DAD474EE501C8AAD1293 /* SnapshotHelper.swift */ = {isa = PBXFileReference; lastKnownFileType = sourcecode.swift; path = SnapshotHelper.swift; sourceTree = "<group>"; };
		A680CCB6C7AF1211ED7B0255 /* TxWorkshopDirect.entitlements */ = {isa = PBXFileReference; lastKnownFileType = text.plist.entitlements; path = TxWorkshopDirect.entitlements; sourceTree = "<group>"; };
		AB002685FE71910D90F7B7E7 /* BlueprintFormUITests.swift */ = {isa = PBXFileReference; lastKnownFileType = sourcecode.swift; path = BlueprintFormUITests.swift; sourceTree = "<group>"; };
		B97397E3A3C20473892753AA /* RecipeCheckUITests.swift */ = {isa = PBXFileReference; lastKnownFileType = sourcecode.swift; path = RecipeCheckUITests.swift; sourceTree = "<group>"; };
		BF740F9F6123AA1264F57700 /* AppIconVision.xcassets */ = {isa = PBXFileReference; lastKnownFileType = folder.assetcatalog; path = AppIconVision.xcassets; sourceTree = "<group>"; };
		C066D8232287C1C315DAAF3C /* ExportReplaceUITests.swift */ = {isa = PBXFileReference; lastKnownFileType = sourcecode.swift; path = ExportReplaceUITests.swift; sourceTree = "<group>"; };
		C0B4EA605672FEF0BC879BD4 /* swift-cardano-txworkshop */ = {isa = PBXFileReference; lastKnownFileType = folder; name = "swift-cardano-txworkshop"; path = .; sourceTree = SOURCE_ROOT; };
		C5D7F86C6DDD78E4458DD86B /* TxWorkshop-macOS.entitlements */ = {isa = PBXFileReference; lastKnownFileType = text.plist.entitlements; path = "TxWorkshop-macOS.entitlements"; sourceTree = "<group>"; };
		DBA4DAE82438ACE4023C1E01 /* TxWorkshopDirect-Release.entitlements */ = {isa = PBXFileReference; lastKnownFileType = text.plist.entitlements; path = "TxWorkshopDirect-Release.entitlements"; sourceTree = "<group>"; };
		E694452C348535F28147F1B3 /* UTxOChoiceUITests.swift */ = {isa = PBXFileReference; lastKnownFileType = sourcecode.swift; path = UTxOChoiceUITests.swift; sourceTree = "<group>"; };
		EDE8754AEDE9C228097C3AFE /* Cardano TxWorkshop Direct.app */ = {isa = PBXFileReference; explicitFileType = wrapper.application; includeInIndex = 0; path = "Cardano TxWorkshop Direct.app"; sourceTree = BUILT_PRODUCTS_DIR; };
/* End PBXFileReference section */

/* Begin PBXFrameworksBuildPhase section */
		1601A8FD36402D3B761307DB /* Frameworks */ = {
			isa = PBXFrameworksBuildPhase;
			buildActionMask = 2147483647;
			files = (
				39758F20BF0E32129F97EDFE /* TxWorkshopCore in Frameworks */,
				E4E63B86C115FA0B8EB7F5B0 /* TxWorkshopEngine in Frameworks */,
				19DE7E2B2437C777300C97F2 /* TxWorkshopUI in Frameworks */,
				2DAF3DFE25281AB5786AC371 /* TxWorkshopDirect in Frameworks */,
				0E2E3099EBDC5F7BAF4A4587 /* Sparkle in Frameworks */,
			);
			runOnlyForDeploymentPostprocessing = 0;
		};
		BFB2C5697C00737AAB19904C /* Frameworks */ = {
			isa = PBXFrameworksBuildPhase;
			buildActionMask = 2147483647;
			files = (
				A827A9DB54F03E350E8542FD /* TxWorkshopCore in Frameworks */,
				0C21BDF2EBF4F6D4B8D3B198 /* TxWorkshopEngine in Frameworks */,
				DA038764F05E376CC59AA2BE /* TxWorkshopUI in Frameworks */,
			);
			runOnlyForDeploymentPostprocessing = 0;
		};
/* End PBXFrameworksBuildPhase section */

/* Begin PBXGroup section */
		0D94BC1919F0BB67ED364B09 /* Products */ = {
			isa = PBXGroup;
			children = (
				EDE8754AEDE9C228097C3AFE /* Cardano TxWorkshop Direct.app */,
				5983D696834F60B64C547C74 /* Cardano TxWorkshop.app */,
				64E2830C8E9FFF755E286D1B /* TxWorkshopScreenshots.xctest */,
			);
			name = Products;
			sourceTree = "<group>";
		};
		564BD92AC4AEAEA830CD8513 /* ScreenshotTests */ = {
			isa = PBXGroup;
			children = (
				AB002685FE71910D90F7B7E7 /* BlueprintFormUITests.swift */,
				C066D8232287C1C315DAAF3C /* ExportReplaceUITests.swift */,
				695A2FD0F0C4CEFCBE133CD1 /* PoolRegistrationUITests.swift */,
				B97397E3A3C20473892753AA /* RecipeCheckUITests.swift */,
				45BC18706F102075B50A01C3 /* ScreenshotTests.swift */,
				194ED1CC9605D99916F44F59 /* ScriptDebuggerUITests.swift */,
				9C39DAD474EE501C8AAD1293 /* SnapshotHelper.swift */,
				1FE96276D00FFDE563F66128 /* SyncToggleTests.swift */,
				E694452C348535F28147F1B3 /* UTxOChoiceUITests.swift */,
			);
			path = ScreenshotTests;
			sourceTree = "<group>";
		};
		6A8E6D820A27CE9561B969A6 /* AppDirect */ = {
			isa = PBXGroup;
			children = (
				5901409EE1D9EE868F5A0386 /* Info.plist */,
				DBA4DAE82438ACE4023C1E01 /* TxWorkshopDirect-Release.entitlements */,
				A680CCB6C7AF1211ED7B0255 /* TxWorkshopDirect.entitlements */,
				36EFEB6F9E8529B48402BA71 /* TxWorkshopDirectApp.swift */,
			);
			path = AppDirect;
			sourceTree = "<group>";
		};
		71C0727BC2AC3896E9A9A17C /* Icon */ = {
			isa = PBXGroup;
			children = (
				428DB9D73BFD8650FB3D64C6 /* AppIcon.icon */,
				BF740F9F6123AA1264F57700 /* AppIconVision.xcassets */,
			);
			path = Icon;
			sourceTree = "<group>";
		};
		92C0C8049232E3A97A27B90D = {
			isa = PBXGroup;
			children = (
				B0193ED87AA5506FF06BB890 /* App */,
				6A8E6D820A27CE9561B969A6 /* AppDirect */,
				71C0727BC2AC3896E9A9A17C /* Icon */,
				A105A53A9084442517D6EEB6 /* Packages */,
				564BD92AC4AEAEA830CD8513 /* ScreenshotTests */,
				0D94BC1919F0BB67ED364B09 /* Products */,
			);
			sourceTree = "<group>";
		};
		A105A53A9084442517D6EEB6 /* Packages */ = {
			isa = PBXGroup;
			children = (
				C0B4EA605672FEF0BC879BD4 /* swift-cardano-txworkshop */,
			);
			name = Packages;
			sourceTree = "<group>";
		};
		B0193ED87AA5506FF06BB890 /* App */ = {
			isa = PBXGroup;
			children = (
				4414433F2496F95D78F89A1A /* Assets.xcassets */,
				97C7717046104B6311FC201C /* Info.plist */,
				C5D7F86C6DDD78E4458DD86B /* TxWorkshop-macOS.entitlements */,
				97CB982DCFE36F65D6ABEAE7 /* TxWorkshop.entitlements */,
				58CBD644C3874DF4D543AB48 /* TxWorkshopApp.swift */,
			);
			path = App;
			sourceTree = "<group>";
		};
/* End PBXGroup section */

/* Begin PBXNativeTarget section */
		CE8F08568C24A35F4EEFDF4F /* TxWorkshopScreenshots */ = {
			isa = PBXNativeTarget;
			buildConfigurationList = 9C1676FAAB83FC34BFBD9831 /* Build configuration list for PBXNativeTarget "TxWorkshopScreenshots" */;
			buildPhases = (
				84070872635F79C57D5E51B8 /* Sources */,
			);
			buildRules = (
			);
			dependencies = (
				C9D82005DFCE2505D542D5DF /* PBXTargetDependency */,
			);
			name = TxWorkshopScreenshots;
			packageProductDependencies = (
			);
			productName = TxWorkshopScreenshots;
			productReference = 64E2830C8E9FFF755E286D1B /* TxWorkshopScreenshots.xctest */;
			productType = "com.apple.product-type.bundle.ui-testing";
		};
		E62EC02209F76F0098F87E0E /* TxWorkshopDirect */ = {
			isa = PBXNativeTarget;
			buildConfigurationList = CF789A50766201A76FF0631C /* Build configuration list for PBXNativeTarget "TxWorkshopDirect" */;
			buildPhases = (
				CD6313F8E2885CED0E0F8F8B /* Sources */,
				63363258FF765AD0824FA1C8 /* Resources */,
				1601A8FD36402D3B761307DB /* Frameworks */,
			);
			buildRules = (
			);
			dependencies = (
			);
			name = TxWorkshopDirect;
			packageProductDependencies = (
				CD904B83B2A02B6FE980AE1C /* TxWorkshopCore */,
				24A2FA7CD389DAAB9865A3D0 /* TxWorkshopEngine */,
				283784CCCCCC5FF527B82D0D /* TxWorkshopUI */,
				9099A1D0D21229074F7C96FA /* TxWorkshopDirect */,
				3B46B1A5C2CF8A9770FB3D81 /* Sparkle */,
			);
			productName = TxWorkshopDirect;
			productReference = EDE8754AEDE9C228097C3AFE /* Cardano TxWorkshop Direct.app */;
			productType = "com.apple.product-type.application";
		};
		E7FD08AAD82FAA6D2C8EB31C /* TxWorkshop */ = {
			isa = PBXNativeTarget;
			buildConfigurationList = 7F99BA02E9B5D94916485E16 /* Build configuration list for PBXNativeTarget "TxWorkshop" */;
			buildPhases = (
				F74E47CE04076B56DD5B8AFA /* Sources */,
				431C89D7E18431C3DBEAF15F /* Resources */,
				BFB2C5697C00737AAB19904C /* Frameworks */,
			);
			buildRules = (
			);
			dependencies = (
			);
			name = TxWorkshop;
			packageProductDependencies = (
				A9CF102464994FDC19B49526 /* TxWorkshopCore */,
				DEFC3E863F7F94B8028847BF /* TxWorkshopEngine */,
				7F4C2104AF1CDC0C07DB644A /* TxWorkshopUI */,
			);
			productName = TxWorkshop;
			productReference = 5983D696834F60B64C547C74 /* Cardano TxWorkshop.app */;
			productType = "com.apple.product-type.application";
		};
/* End PBXNativeTarget section */

/* Begin PBXProject section */
		FCDDB31D646F591965DBBE00 /* Project object */ = {
			isa = PBXProject;
			attributes = {
				BuildIndependentTargetsInParallel = YES;
				LastUpgradeCheck = 2700;
				TargetAttributes = {
					CE8F08568C24A35F4EEFDF4F = {
						DevelopmentTeam = G88W6X4TCA;
						ProvisioningStyle = Automatic;
						TestTargetID = E7FD08AAD82FAA6D2C8EB31C;
					};
					E62EC02209F76F0098F87E0E = {
						DevelopmentTeam = G88W6X4TCA;
					};
					E7FD08AAD82FAA6D2C8EB31C = {
						DevelopmentTeam = G88W6X4TCA;
						ProvisioningStyle = Automatic;
					};
				};
			};
			buildConfigurationList = 35435AAF9A4A908CFDAE7EE0 /* Build configuration list for PBXProject "TxWorkshop" */;
			developmentRegion = en;
			hasScannedForEncodings = 0;
			knownRegions = (
				Base,
				en,
			);
			mainGroup = 92C0C8049232E3A97A27B90D;
			minimizedProjectReferenceProxies = 1;
			packageReferences = (
				01270BFF698D5D3C88E52DFF /* XCRemoteSwiftPackageReference "Sparkle" */,
				1D4A975DC123E8A4FF9B5C3B /* XCLocalSwiftPackageReference "." */,
			);
			preferredProjectObjectVersion = 77;
			productRefGroup = 0D94BC1919F0BB67ED364B09 /* Products */;
			projectDirPath = "";
			projectRoot = "";
			targets = (
				E7FD08AAD82FAA6D2C8EB31C /* TxWorkshop */,
				E62EC02209F76F0098F87E0E /* TxWorkshopDirect */,
				CE8F08568C24A35F4EEFDF4F /* TxWorkshopScreenshots */,
			);
		};
/* End PBXProject section */

/* Begin PBXResourcesBuildPhase section */
		431C89D7E18431C3DBEAF15F /* Resources */ = {
			isa = PBXResourcesBuildPhase;
			buildActionMask = 2147483647;
			files = (
				8B3753FD3446176DC87E2557 /* AppIcon.icon in Resources */,
				FEA473226CC822BCB42B4849 /* AppIconVision.xcassets in Resources */,
				2FCC91EF70D1846F2BF86782 /* Assets.xcassets in Resources */,
			);
			runOnlyForDeploymentPostprocessing = 0;
		};
		63363258FF765AD0824FA1C8 /* Resources */ = {
			isa = PBXResourcesBuildPhase;
			buildActionMask = 2147483647;
			files = (
				CFCBE31156379A930AFD7359 /* AppIcon.icon in Resources */,
				8310BC6B3A5779E69A232465 /* Assets.xcassets in Resources */,
			);
			runOnlyForDeploymentPostprocessing = 0;
		};
/* End PBXResourcesBuildPhase section */

/* Begin PBXSourcesBuildPhase section */
		84070872635F79C57D5E51B8 /* Sources */ = {
			isa = PBXSourcesBuildPhase;
			buildActionMask = 2147483647;
			files = (
				93A573016D1A8985F91FA5F2 /* BlueprintFormUITests.swift in Sources */,
				C76B1579D5DCC250A5ABF3C6 /* ExportReplaceUITests.swift in Sources */,
				87FBD6E79961157F489D63CC /* PoolRegistrationUITests.swift in Sources */,
				591FE6D868FAB3AB1675D689 /* RecipeCheckUITests.swift in Sources */,
				A29CDD40B4D183F73F9A2CAD /* ScreenshotTests.swift in Sources */,
				C45949F35721CA12E7AF5074 /* ScriptDebuggerUITests.swift in Sources */,
				8E8401ED65EBA7823BCDCF6C /* SnapshotHelper.swift in Sources */,
				6D45A4F845C533A2453E8F20 /* SyncToggleTests.swift in Sources */,
				9580299F22A7B46BEC85E499 /* UTxOChoiceUITests.swift in Sources */,
			);
			runOnlyForDeploymentPostprocessing = 0;
		};
		CD6313F8E2885CED0E0F8F8B /* Sources */ = {
			isa = PBXSourcesBuildPhase;
			buildActionMask = 2147483647;
			files = (
				B6B5BA02EE90C93C2FB5D129 /* TxWorkshopDirectApp.swift in Sources */,
			);
			runOnlyForDeploymentPostprocessing = 0;
		};
		F74E47CE04076B56DD5B8AFA /* Sources */ = {
			isa = PBXSourcesBuildPhase;
			buildActionMask = 2147483647;
			files = (
				7004F93AFE5B453DC40636C8 /* TxWorkshopApp.swift in Sources */,
			);
			runOnlyForDeploymentPostprocessing = 0;
		};
/* End PBXSourcesBuildPhase section */

/* Begin PBXTargetDependency section */
		C9D82005DFCE2505D542D5DF /* PBXTargetDependency */ = {
			isa = PBXTargetDependency;
			target = E7FD08AAD82FAA6D2C8EB31C /* TxWorkshop */;
			targetProxy = 7D8CE77D07F96B9DFEB4FAED /* PBXContainerItemProxy */;
		};
/* End PBXTargetDependency section */

/* Begin XCBuildConfiguration section */
		116A4CA22973AD8EEDE945C2 /* Debug */ = {
			isa = XCBuildConfiguration;
			buildSettings = {
				BUNDLE_LOADER = "$(TEST_HOST)";
				CODE_SIGN_STYLE = Automatic;
				DEVELOPMENT_TEAM = G88W6X4TCA;
				GENERATE_INFOPLIST_FILE = YES;
				LD_RUNPATH_SEARCH_PATHS = (
					"$(inherited)",
					"@executable_path/Frameworks",
					"@loader_path/Frameworks",
				);
				PRODUCT_BUNDLE_IDENTIFIER = "com.kingpinapps.cardano-txworkshop.screenshots";
				SDKROOT = auto;
				SUPPORTED_PLATFORMS = "iphoneos iphonesimulator xros xrsimulator";
				SUPPORTS_MACCATALYST = NO;
				SUPPORTS_MAC_DESIGNED_FOR_IPHONE_IPAD = YES;
				SUPPORTS_XR_DESIGNED_FOR_IPHONE_IPAD = NO;
				SWIFT_VERSION = 6.0;
				TARGETED_DEVICE_FAMILY = "1,2,7";
				TEST_TARGET_NAME = TxWorkshop;
			};
			name = Debug;
		};
		1EBFAD0D1B19D6F6CCE037FB /* Release */ = {
			isa = XCBuildConfiguration;
			buildSettings = {
				APP_DISPLAY_NAME = TxWorkshop;
				ASSETCATALOG_COMPILER_APPICON_NAME = AppIcon;
				"ASSETCATALOG_COMPILER_APPICON_NAME[sdk=xros*]" = AppIconVision;
				"ASSETCATALOG_COMPILER_APPICON_NAME[sdk=xrsimulator*]" = AppIconVision;
				ASSETCATALOG_COMPILER_GLOBAL_ACCENT_COLOR_NAME = AccentColor;
				CODE_SIGN_ENTITLEMENTS = App/TxWorkshop.entitlements;
				"CODE_SIGN_ENTITLEMENTS[sdk=macosx*]" = "App/TxWorkshop-macOS.entitlements";
				CODE_SIGN_IDENTITY = "Apple Development";
				CODE_SIGN_STYLE = Automatic;
				DEVELOPMENT_TEAM = G88W6X4TCA;
				ENABLE_HARDENED_RUNTIME = YES;
				ENABLE_HARDWARE_CHECKED_POINTER_ARITHMETIC_SLICE = NO;
				ENABLE_POINTER_AUTHENTICATION = NO;
				INFOPLIST_FILE = App/Info.plist;
				LD_RUNPATH_SEARCH_PATHS = (
					"$(inherited)",
					"@executable_path/Frameworks",
				);
				PRODUCT_BUNDLE_IDENTIFIER = "com.kingpinapps.cardano-txworkshop";
				PRODUCT_NAME = "Cardano TxWorkshop";
				PROVISIONING_PROFILE_SPECIFIER = "";
				SDKROOT = auto;
				SUPPORTED_PLATFORMS = "iphoneos iphonesimulator xros xrsimulator macosx";
				SUPPORTS_MACCATALYST = NO;
				SUPPORTS_MAC_DESIGNED_FOR_IPHONE_IPAD = NO;
				SUPPORTS_XR_DESIGNED_FOR_IPHONE_IPAD = NO;
				TARGETED_DEVICE_FAMILY = "1,2,7";
			};
			name = Release;
		};
		5038A34411F222596A8B6771 /* Release */ = {
			isa = XCBuildConfiguration;
			buildSettings = {
				ASSETCATALOG_COMPILER_APPICON_NAME = AppIcon;
				ASSETCATALOG_COMPILER_GLOBAL_ACCENT_COLOR_NAME = AccentColor;
				CODE_SIGN_ENTITLEMENTS = "AppDirect/TxWorkshopDirect-Release.entitlements";
				CODE_SIGN_IDENTITY = "Developer ID Application";
				CODE_SIGN_STYLE = Manual;
				COMBINE_HIDPI_IMAGES = YES;
				DEVELOPMENT_TEAM = G88W6X4TCA;
				ENABLE_HARDENED_RUNTIME = YES;
				ENABLE_HARDWARE_CHECKED_POINTER_ARITHMETIC_SLICE = NO;
				ENABLE_POINTER_AUTHENTICATION = NO;
				INFOPLIST_FILE = AppDirect/Info.plist;
				LD_RUNPATH_SEARCH_PATHS = (
					"$(inherited)",
					"@executable_path/../Frameworks",
				);
				OTHER_CODE_SIGN_FLAGS = "--timestamp";
				PRODUCT_BUNDLE_IDENTIFIER = "com.kingpinapps.cardano-txworkshop";
				PRODUCT_NAME = "Cardano TxWorkshop";
				PROVISIONING_PROFILE_SPECIFIER = "Cardano TxWorkshop Developer ID";
				SDKROOT = macosx;
				SWIFT_ACTIVE_COMPILATION_CONDITIONS = "$(inherited) DIRECT_DISTRIBUTION";
			};
			name = Release;
		};
		57AD0BA970F6E3930BB21F13 /* Release */ = {
			isa = XCBuildConfiguration;
			buildSettings = {
				ALWAYS_SEARCH_USER_PATHS = NO;
				ASSETCATALOG_COMPILER_GENERATE_SWIFT_ASSET_SYMBOL_EXTENSIONS = YES;
				CLANG_ANALYZER_NONNULL = YES;
				CLANG_ANALYZER_NUMBER_OBJECT_CONVERSION = YES_AGGRESSIVE;
				CLANG_CXX_LANGUAGE_STANDARD = "gnu++14";
				CLANG_CXX_LIBRARY = "libc++";
				CLANG_ENABLE_MODULES = YES;
				CLANG_ENABLE_OBJC_ARC = YES;
				CLANG_ENABLE_OBJC_WEAK = YES;
				CLANG_WARN_BLOCK_CAPTURE_AUTORELEASING = YES;
				CLANG_WARN_BOOL_CONVERSION = YES;
				CLANG_WARN_COMMA = YES;
				CLANG_WARN_CONSTANT_CONVERSION = YES;
				CLANG_WARN_DEPRECATED_OBJC_IMPLEMENTATIONS = YES;
				CLANG_WARN_DIRECT_OBJC_ISA_USAGE = YES_ERROR;
				CLANG_WARN_DOCUMENTATION_COMMENTS = YES;
				CLANG_WARN_EMPTY_BODY = YES;
				CLANG_WARN_ENUM_CONVERSION = YES;
				CLANG_WARN_INFINITE_RECURSION = YES;
				CLANG_WARN_INT_CONVERSION = YES;
				CLANG_WARN_NON_LITERAL_NULL_CONVERSION = YES;
				CLANG_WARN_OBJC_IMPLICIT_RETAIN_SELF = YES;
				CLANG_WARN_OBJC_LITERAL_CONVERSION = YES;
				CLANG_WARN_OBJC_ROOT_CLASS = YES_ERROR;
				CLANG_WARN_QUOTED_INCLUDE_IN_FRAMEWORK_HEADER = YES;
				CLANG_WARN_RANGE_LOOP_ANALYSIS = YES;
				CLANG_WARN_STRICT_PROTOTYPES = YES;
				CLANG_WARN_SUSPICIOUS_MOVE = YES;
				CLANG_WARN_UNGUARDED_AVAILABILITY = YES_AGGRESSIVE;
				CLANG_WARN_UNREACHABLE_CODE = YES;
				CLANG_WARN__DUPLICATE_METHOD_MATCH = YES;
				"CODE_SIGN_IDENTITY[sdk=macosx*]" = "-";
				CODE_SIGN_STYLE = Automatic;
				"CODE_SIGN_STYLE[sdk=macosx*]" = Manual;
				COPY_PHASE_STRIP = NO;
				CURRENT_PROJECT_VERSION = 1;
				DEAD_CODE_STRIPPING = YES;
				DEBUG_INFORMATION_FORMAT = "dwarf-with-dsym";
				DEVELOPMENT_TEAM = "";
				ENABLE_ENHANCED_SECURITY = YES;
				ENABLE_NS_ASSERTIONS = NO;
				ENABLE_STRICT_OBJC_MSGSEND = YES;
				ENABLE_USER_SCRIPT_SANDBOXING = YES;
				"EXCLUDED_ARCHS[sdk=xrsimulator*]" = x86_64;
				GCC_C_LANGUAGE_STANDARD = gnu11;
				GCC_NO_COMMON_BLOCKS = YES;
				GCC_WARN_64_TO_32_BIT_CONVERSION = YES;
				GCC_WARN_ABOUT_RETURN_TYPE = YES_ERROR;
				GCC_WARN_UNDECLARED_SELECTOR = YES;
				GCC_WARN_UNINITIALIZED_AUTOS = YES_AGGRESSIVE;
				GCC_WARN_UNUSED_FUNCTION = YES;
				GCC_WARN_UNUSED_VARIABLE = YES;
				IPHONEOS_DEPLOYMENT_TARGET = 27.0;
				MACOSX_DEPLOYMENT_TARGET = 27.0;
				MARKETING_VERSION = 0.1.9;
				MTL_ENABLE_DEBUG_INFO = NO;
				MTL_FAST_MATH = YES;
				PRODUCT_NAME = "$(TARGET_NAME)";
				STRING_CATALOG_GENERATE_SYMBOLS = YES;
				SWIFT_COMPILATION_MODE = wholemodule;
				SWIFT_OPTIMIZATION_LEVEL = "-O";
				SWIFT_STRICT_CONCURRENCY = complete;
				SWIFT_VERSION = 6.0;
				XROS_DEPLOYMENT_TARGET = 27.0;
			};
			name = Release;
		};
		5882DC98B4EF863FF087B1F5 /* Debug */ = {
			isa = XCBuildConfiguration;
			buildSettings = {
				ASSETCATALOG_COMPILER_APPICON_NAME = AppIcon;
				ASSETCATALOG_COMPILER_GLOBAL_ACCENT_COLOR_NAME = AccentColor;
				CODE_SIGN_ENTITLEMENTS = "AppDirect/TxWorkshopDirect-Release.entitlements";
				CODE_SIGN_IDENTITY = "Apple Development";
				CODE_SIGN_STYLE = Automatic;
				COMBINE_HIDPI_IMAGES = YES;
				DEVELOPMENT_TEAM = G88W6X4TCA;
				ENABLE_HARDENED_RUNTIME = YES;
				ENABLE_HARDWARE_CHECKED_POINTER_ARITHMETIC_SLICE = NO;
				ENABLE_POINTER_AUTHENTICATION = NO;
				INFOPLIST_FILE = AppDirect/Info.plist;
				LD_RUNPATH_SEARCH_PATHS = (
					"$(inherited)",
					"@executable_path/../Frameworks",
				);
				PRODUCT_BUNDLE_IDENTIFIER = "com.kingpinapps.cardano-txworkshop";
				PRODUCT_NAME = "Cardano TxWorkshop Direct";
				PROVISIONING_PROFILE_SPECIFIER = "";
				SDKROOT = macosx;
				SWIFT_ACTIVE_COMPILATION_CONDITIONS = "$(inherited) DIRECT_DISTRIBUTION";
			};
			name = Debug;
		};
		5EBE10D59F3927F74B1C291E /* Release */ = {
			isa = XCBuildConfiguration;
			buildSettings = {
				BUNDLE_LOADER = "$(TEST_HOST)";
				CODE_SIGN_STYLE = Automatic;
				DEVELOPMENT_TEAM = G88W6X4TCA;
				GENERATE_INFOPLIST_FILE = YES;
				LD_RUNPATH_SEARCH_PATHS = (
					"$(inherited)",
					"@executable_path/Frameworks",
					"@loader_path/Frameworks",
				);
				PRODUCT_BUNDLE_IDENTIFIER = "com.kingpinapps.cardano-txworkshop.screenshots";
				SDKROOT = auto;
				SUPPORTED_PLATFORMS = "iphoneos iphonesimulator xros xrsimulator";
				SUPPORTS_MACCATALYST = NO;
				SUPPORTS_MAC_DESIGNED_FOR_IPHONE_IPAD = YES;
				SUPPORTS_XR_DESIGNED_FOR_IPHONE_IPAD = NO;
				SWIFT_VERSION = 6.0;
				TARGETED_DEVICE_FAMILY = "1,2,7";
				TEST_TARGET_NAME = TxWorkshop;
			};
			name = Release;
		};
		76EAFF3909F04D47DBFE97A7 /* Debug */ = {
			isa = XCBuildConfiguration;
			buildSettings = {
				APP_DISPLAY_NAME = TxWorkshop;
				ASSETCATALOG_COMPILER_APPICON_NAME = AppIcon;
				"ASSETCATALOG_COMPILER_APPICON_NAME[sdk=xros*]" = AppIconVision;
				"ASSETCATALOG_COMPILER_APPICON_NAME[sdk=xrsimulator*]" = AppIconVision;
				ASSETCATALOG_COMPILER_GLOBAL_ACCENT_COLOR_NAME = AccentColor;
				CODE_SIGN_ENTITLEMENTS = App/TxWorkshop.entitlements;
				"CODE_SIGN_ENTITLEMENTS[sdk=macosx*]" = "App/TxWorkshop-macOS.entitlements";
				CODE_SIGN_IDENTITY = "Apple Development";
				CODE_SIGN_STYLE = Automatic;
				DEVELOPMENT_TEAM = G88W6X4TCA;
				ENABLE_HARDENED_RUNTIME = YES;
				ENABLE_HARDWARE_CHECKED_POINTER_ARITHMETIC_SLICE = NO;
				ENABLE_POINTER_AUTHENTICATION = NO;
				INFOPLIST_FILE = App/Info.plist;
				LD_RUNPATH_SEARCH_PATHS = (
					"$(inherited)",
					"@executable_path/Frameworks",
				);
				PRODUCT_BUNDLE_IDENTIFIER = "com.kingpinapps.cardano-txworkshop";
				PRODUCT_NAME = "Cardano TxWorkshop";
				PROVISIONING_PROFILE_SPECIFIER = "";
				SDKROOT = auto;
				SUPPORTED_PLATFORMS = "iphoneos iphonesimulator xros xrsimulator macosx";
				SUPPORTS_MACCATALYST = NO;
				SUPPORTS_MAC_DESIGNED_FOR_IPHONE_IPAD = NO;
				SUPPORTS_XR_DESIGNED_FOR_IPHONE_IPAD = NO;
				TARGETED_DEVICE_FAMILY = "1,2,7";
			};
			name = Debug;
		};
		E05EA3FD9894369038614F70 /* Debug */ = {
			isa = XCBuildConfiguration;
			buildSettings = {
				ALWAYS_SEARCH_USER_PATHS = NO;
				ASSETCATALOG_COMPILER_GENERATE_SWIFT_ASSET_SYMBOL_EXTENSIONS = YES;
				CLANG_ANALYZER_NONNULL = YES;
				CLANG_ANALYZER_NUMBER_OBJECT_CONVERSION = YES_AGGRESSIVE;
				CLANG_CXX_LANGUAGE_STANDARD = "gnu++14";
				CLANG_CXX_LIBRARY = "libc++";
				CLANG_ENABLE_MODULES = YES;
				CLANG_ENABLE_OBJC_ARC = YES;
				CLANG_ENABLE_OBJC_WEAK = YES;
				CLANG_WARN_BLOCK_CAPTURE_AUTORELEASING = YES;
				CLANG_WARN_BOOL_CONVERSION = YES;
				CLANG_WARN_COMMA = YES;
				CLANG_WARN_CONSTANT_CONVERSION = YES;
				CLANG_WARN_DEPRECATED_OBJC_IMPLEMENTATIONS = YES;
				CLANG_WARN_DIRECT_OBJC_ISA_USAGE = YES_ERROR;
				CLANG_WARN_DOCUMENTATION_COMMENTS = YES;
				CLANG_WARN_EMPTY_BODY = YES;
				CLANG_WARN_ENUM_CONVERSION = YES;
				CLANG_WARN_INFINITE_RECURSION = YES;
				CLANG_WARN_INT_CONVERSION = YES;
				CLANG_WARN_NON_LITERAL_NULL_CONVERSION = YES;
				CLANG_WARN_OBJC_IMPLICIT_RETAIN_SELF = YES;
				CLANG_WARN_OBJC_LITERAL_CONVERSION = YES;
				CLANG_WARN_OBJC_ROOT_CLASS = YES_ERROR;
				CLANG_WARN_QUOTED_INCLUDE_IN_FRAMEWORK_HEADER = YES;
				CLANG_WARN_RANGE_LOOP_ANALYSIS = YES;
				CLANG_WARN_STRICT_PROTOTYPES = YES;
				CLANG_WARN_SUSPICIOUS_MOVE = YES;
				CLANG_WARN_UNGUARDED_AVAILABILITY = YES_AGGRESSIVE;
				CLANG_WARN_UNREACHABLE_CODE = YES;
				CLANG_WARN__DUPLICATE_METHOD_MATCH = YES;
				"CODE_SIGN_IDENTITY[sdk=macosx*]" = "-";
				CODE_SIGN_STYLE = Automatic;
				"CODE_SIGN_STYLE[sdk=macosx*]" = Manual;
				COPY_PHASE_STRIP = NO;
				CURRENT_PROJECT_VERSION = 1;
				DEAD_CODE_STRIPPING = YES;
				DEBUG_INFORMATION_FORMAT = dwarf;
				DEVELOPMENT_TEAM = "";
				ENABLE_ENHANCED_SECURITY = YES;
				ENABLE_STRICT_OBJC_MSGSEND = YES;
				ENABLE_TESTABILITY = YES;
				ENABLE_USER_SCRIPT_SANDBOXING = YES;
				"EXCLUDED_ARCHS[sdk=xrsimulator*]" = x86_64;
				GCC_C_LANGUAGE_STANDARD = gnu11;
				GCC_DYNAMIC_NO_PIC = NO;
				GCC_NO_COMMON_BLOCKS = YES;
				GCC_OPTIMIZATION_LEVEL = 0;
				GCC_PREPROCESSOR_DEFINITIONS = (
					"$(inherited)",
					"DEBUG=1",
				);
				GCC_WARN_64_TO_32_BIT_CONVERSION = YES;
				GCC_WARN_ABOUT_RETURN_TYPE = YES_ERROR;
				GCC_WARN_UNDECLARED_SELECTOR = YES;
				GCC_WARN_UNINITIALIZED_AUTOS = YES_AGGRESSIVE;
				GCC_WARN_UNUSED_FUNCTION = YES;
				GCC_WARN_UNUSED_VARIABLE = YES;
				IPHONEOS_DEPLOYMENT_TARGET = 27.0;
				MACOSX_DEPLOYMENT_TARGET = 27.0;
				MARKETING_VERSION = 0.1.9;
				MTL_ENABLE_DEBUG_INFO = INCLUDE_SOURCE;
				MTL_FAST_MATH = YES;
				ONLY_ACTIVE_ARCH = YES;
				PRODUCT_NAME = "$(TARGET_NAME)";
				STRING_CATALOG_GENERATE_SYMBOLS = YES;
				SWIFT_ACTIVE_COMPILATION_CONDITIONS = DEBUG;
				SWIFT_OPTIMIZATION_LEVEL = "-Onone";
				SWIFT_STRICT_CONCURRENCY = complete;
				SWIFT_VERSION = 6.0;
				XROS_DEPLOYMENT_TARGET = 27.0;
			};
			name = Debug;
		};
/* End XCBuildConfiguration section */

/* Begin XCConfigurationList section */
		35435AAF9A4A908CFDAE7EE0 /* Build configuration list for PBXProject "TxWorkshop" */ = {
			isa = XCConfigurationList;
			buildConfigurations = (
				E05EA3FD9894369038614F70 /* Debug */,
				57AD0BA970F6E3930BB21F13 /* Release */,
			);
			defaultConfigurationIsVisible = 0;
			defaultConfigurationName = Debug;
		};
		7F99BA02E9B5D94916485E16 /* Build configuration list for PBXNativeTarget "TxWorkshop" */ = {
			isa = XCConfigurationList;
			buildConfigurations = (
				76EAFF3909F04D47DBFE97A7 /* Debug */,
				1EBFAD0D1B19D6F6CCE037FB /* Release */,
			);
			defaultConfigurationIsVisible = 0;
			defaultConfigurationName = Debug;
		};
		9C1676FAAB83FC34BFBD9831 /* Build configuration list for PBXNativeTarget "TxWorkshopScreenshots" */ = {
			isa = XCConfigurationList;
			buildConfigurations = (
				116A4CA22973AD8EEDE945C2 /* Debug */,
				5EBE10D59F3927F74B1C291E /* Release */,
			);
			defaultConfigurationIsVisible = 0;
			defaultConfigurationName = Debug;
		};
		CF789A50766201A76FF0631C /* Build configuration list for PBXNativeTarget "TxWorkshopDirect" */ = {
			isa = XCConfigurationList;
			buildConfigurations = (
				5882DC98B4EF863FF087B1F5 /* Debug */,
				5038A34411F222596A8B6771 /* Release */,
			);
			defaultConfigurationIsVisible = 0;
			defaultConfigurationName = Debug;
		};
/* End XCConfigurationList section */

/* Begin XCLocalSwiftPackageReference section */
		1D4A975DC123E8A4FF9B5C3B /* XCLocalSwiftPackageReference "." */ = {
			isa = XCLocalSwiftPackageReference;
			relativePath = .;
		};
/* End XCLocalSwiftPackageReference section */

/* Begin XCRemoteSwiftPackageReference section */
		01270BFF698D5D3C88E52DFF /* XCRemoteSwiftPackageReference "Sparkle" */ = {
			isa = XCRemoteSwiftPackageReference;
			repositoryURL = "https://github.com/sparkle-project/Sparkle";
			requirement = {
				kind = upToNextMajorVersion;
				minimumVersion = 2.10.0;
			};
		};
/* End XCRemoteSwiftPackageReference section */

/* Begin XCSwiftPackageProductDependency section */
		24A2FA7CD389DAAB9865A3D0 /* TxWorkshopEngine */ = {
			isa = XCSwiftPackageProductDependency;
			productName = TxWorkshopEngine;
		};
		283784CCCCCC5FF527B82D0D /* TxWorkshopUI */ = {
			isa = XCSwiftPackageProductDependency;
			productName = TxWorkshopUI;
		};
		3B46B1A5C2CF8A9770FB3D81 /* Sparkle */ = {
			isa = XCSwiftPackageProductDependency;
			package = 01270BFF698D5D3C88E52DFF /* XCRemoteSwiftPackageReference "Sparkle" */;
			productName = Sparkle;
		};
		7F4C2104AF1CDC0C07DB644A /* TxWorkshopUI */ = {
			isa = XCSwiftPackageProductDependency;
			productName = TxWorkshopUI;
		};
		9099A1D0D21229074F7C96FA /* TxWorkshopDirect */ = {
			isa = XCSwiftPackageProductDependency;
			productName = TxWorkshopDirect;
		};
		A9CF102464994FDC19B49526 /* TxWorkshopCore */ = {
			isa = XCSwiftPackageProductDependency;
			productName = TxWorkshopCore;
		};
		CD904B83B2A02B6FE980AE1C /* TxWorkshopCore */ = {
			isa = XCSwiftPackageProductDependency;
			productName = TxWorkshopCore;
		};
		DEFC3E863F7F94B8028847BF /* TxWorkshopEngine */ = {
			isa = XCSwiftPackageProductDependency;
			productName = TxWorkshopEngine;
		};
/* End XCSwiftPackageProductDependency section */
	};
	rootObject = FCDDB31D646F591965DBBE00 /* Project object */;
}
